
Microsoft Visual Studio Solution File, Format Version 12.00
# Visual Studio Version 17
VisualStudioVersion = 17.7.34024.191
MinimumVisualStudioVersion = 10.0.40219.1
Project("{FAE04EC0-301F-11D3-BF4B-00C04F79EFBC}") = "LojaEa", "LojaEa.csproj", "{0FC81049-80E2-4145-BE52-36A5447CC892}"
EndProject
Global
	GlobalSection(SolutionConfigurationPlatforms) = preSolution
		Debug|Any CPU = Debug|Any CPU
		Release|Any CPU = Release|Any CPU
	EndGlobalSection
	GlobalSection(ProjectConfigurationPlatforms) = postSolution
		{0FC81049-80E2-4145-BE52-36A5447CC892}.Debug|Any CPU.ActiveCfg = Debug|Any CPU
		{0FC81049-80E2-4145-BE52-36A5447CC892}.Debug|Any CPU.Build.0 = Debug|Any CPU
		{0FC81049-80E2-4145-BE52-36A5447CC892}.Release|Any CPU.ActiveCfg = Release|Any CPU
		{0FC81049-80E2-4145-BE52-36A5447CC892}.Release|Any CPU.Build.0 = Release|Any CPU
	EndGlobalSection
	GlobalSection(SolutionProperties) = preSolution
		HideSolutionNode = FALSE
	EndGlobalSection
	GlobalSection(ExtensibilityGlobals) = postSolution
		SolutionGuid = {743712E1-D93F-47C4-B748-0E2B6389D49F}
	EndGlobalSection
EndGlobal
